
Microsoft Visual Studio Solution File, Format Version 12.00
# Visual Studio 15
VisualStudioVersion = 15.0.28307.705
MinimumVisualStudioVersion = 10.0.40219.1
Project("{FAE04EC0-301F-11D3-BF4B-00C04F79EFBC}") = "UniverServer", "UniverServer.csproj", "{1C6F1EDB-48F0-4034-BFBC-66F82ED9C0DE}"
EndProject
Project("{FAE04EC0-301F-11D3-BF4B-00C04F79EFBC}") = "Client", "..\Client\Client.csproj", "{68F81197-6DC7-45D5-948F-EDDAF111710C}"
EndProject
Project("{FAE04EC0-301F-11D3-BF4B-00C04F79EFBC}") = "SharedVars", "SharedVars\SharedVars.csproj", "{01DA7CF1-50CD-4952-9722-0616B931047E}"
EndProject
Global
	GlobalSection(SolutionConfigurationPlatforms) = preSolution
		Debug|Any CPU = Debug|Any CPU
		Release|Any CPU = Release|Any CPU
	EndGlobalSection
	GlobalSection(ProjectConfigurationPlatforms) = postSolution
		{1C6F1EDB-48F0-4034-BFBC-66F82ED9C0DE}.Debug|Any CPU.ActiveCfg = Debug|Any CPU
		{1C6F1EDB-48F0-4034-BFBC-66F82ED9C0DE}.Debug|Any CPU.Build.0 = Debug|Any CPU
		{1C6F1EDB-48F0-4034-BFBC-66F82ED9C0DE}.Release|Any CPU.ActiveCfg = Release|Any CPU
		{1C6F1EDB-48F0-4034-BFBC-66F82ED9C0DE}.Release|Any CPU.Build.0 = Release|Any CPU
		{68F81197-6DC7-45D5-948F-EDDAF111710C}.Debug|Any CPU.ActiveCfg = Debug|Any CPU
		{68F81197-6DC7-45D5-948F-EDDAF111710C}.Debug|Any CPU.Build.0 = Debug|Any CPU
		{68F81197-6DC7-45D5-948F-EDDAF111710C}.Release|Any CPU.ActiveCfg = Release|Any CPU
		{68F81197-6DC7-45D5-948F-EDDAF111710C}.Release|Any CPU.Build.0 = Release|Any CPU
		{01DA7CF1-50CD-4952-9722-0616B931047E}.Debug|Any CPU.ActiveCfg = Debug|Any CPU
		{01DA7CF1-50CD-4952-9722-0616B931047E}.Debug|Any CPU.Build.0 = Debug|Any CPU
		{01DA7CF1-50CD-4952-9722-0616B931047E}.Release|Any CPU.ActiveCfg = Release|Any CPU
		{01DA7CF1-50CD-4952-9722-0616B931047E}.Release|Any CPU.Build.0 = Release|Any CPU
	EndGlobalSection
	GlobalSection(SolutionProperties) = preSolution
		HideSolutionNode = FALSE
	EndGlobalSection
	GlobalSection(ExtensibilityGlobals) = postSolution
		SolutionGuid = {97EE0603-4ACF-446E-8EDF-79A471B1FBF8}
	EndGlobalSection
EndGlobal
